# generated by rye
# use `rye lock` or `rye sync` to update this lockfile
#
# last locked with the following flags:
#   pre: false
#   features: []
#   all-features: false
#   with-sources: false
#   generate-hashes: false
#   universal: false

bcrypt==4.2.0
certifi==2024.8.30
charset-normalizer==3.3.2
idna==3.10
markdown-it-py==3.0.0
mdurl==0.1.2
pick==2.4.0
psutil==6.0.0
pygments==2.18.0
python-dotenv==1.0.1
pyyaml==6.0.2
requests==2.32.3
rich==13.8.1
toml==0.10.2
urllib3==2.2.3
